
Microsoft Visual Studio Solution File, Format Version 12.00
# Visual Studio Version 17
VisualStudioVersion = 17.9.34723.18
MinimumVisualStudioVersion = 10.0.40219.1
Project("{FAE04EC0-301F-11D3-BF4B-00C04F79EFBC}") = "DoctorAppointment", "DoctorAppointment\DoctorAppointment.csproj", "{95600A08-42B0-49B7-8867-9F7948D92021}"
EndProject
Global
	GlobalSection(SolutionConfigurationPlatforms) = preSolution
		Debug|Any CPU = Debug|Any CPU
		Release|Any CPU = Release|Any CPU
	EndGlobalSection
	GlobalSection(ProjectConfigurationPlatforms) = postSolution
		{95600A08-42B0-49B7-8867-9F7948D92021}.Debug|Any CPU.ActiveCfg = Debug|Any CPU
		{95600A08-42B0-49B7-8867-9F7948D92021}.Debug|Any CPU.Build.0 = Debug|Any CPU
		{95600A08-42B0-49B7-8867-9F7948D92021}.Release|Any CPU.ActiveCfg = Release|Any CPU
		{95600A08-42B0-49B7-8867-9F7948D92021}.Release|Any CPU.Build.0 = Release|Any CPU
	EndGlobalSection
	GlobalSection(SolutionProperties) = preSolution
		HideSolutionNode = FALSE
	EndGlobalSection
	GlobalSection(ExtensibilityGlobals) = postSolution
		SolutionGuid = {F91CD56C-631D-4442-80EA-303BC77ABC8F}
	EndGlobalSection
EndGlobal
